
Microsoft Visual Studio Solution File, Format Version 12.00
# Visual Studio Version 17
VisualStudioVersion = 17.5.002.0
MinimumVisualStudioVersion = 10.0.40219.1
Project("{9A19103F-16F7-4668-BE54-9A1E7A4F7556}") = "constructorsStatic15", "constructorsStatic15.csproj", "{B919C705-A375-4450-9668-61D8911A4F0E}"
EndProject
Global
	GlobalSection(SolutionConfigurationPlatforms) = preSolution
		Debug|Any CPU = Debug|Any CPU
		Release|Any CPU = Release|Any CPU
	EndGlobalSection
	GlobalSection(ProjectConfigurationPlatforms) = postSolution
		{B919C705-A375-4450-9668-61D8911A4F0E}.Debug|Any CPU.ActiveCfg = Debug|Any CPU
		{B919C705-A375-4450-9668-61D8911A4F0E}.Debug|Any CPU.Build.0 = Debug|Any CPU
		{B919C705-A375-4450-9668-61D8911A4F0E}.Release|Any CPU.ActiveCfg = Release|Any CPU
		{B919C705-A375-4450-9668-61D8911A4F0E}.Release|Any CPU.Build.0 = Release|Any CPU
	EndGlobalSection
	GlobalSection(SolutionProperties) = preSolution
		HideSolutionNode = FALSE
	EndGlobalSection
	GlobalSection(ExtensibilityGlobals) = postSolution
		SolutionGuid = {BB9EFBED-22A8-4044-8971-2E801A8A5C2A}
	EndGlobalSection
EndGlobal
