
Microsoft Visual Studio Solution File, Format Version 12.00
# Visual Studio Version 17
VisualStudioVersion = 17.5.002.0
MinimumVisualStudioVersion = 10.0.40219.1
Project("{9A19103F-16F7-4668-BE54-9A1E7A4F7556}") = "#1", "#1.csproj", "{11B806AD-4AEE-4421-9DC6-507AD0377DEB}"
EndProject
Global
	GlobalSection(SolutionConfigurationPlatforms) = preSolution
		Debug|Any CPU = Debug|Any CPU
		Release|Any CPU = Release|Any CPU
	EndGlobalSection
	GlobalSection(ProjectConfigurationPlatforms) = postSolution
		{11B806AD-4AEE-4421-9DC6-507AD0377DEB}.Debug|Any CPU.ActiveCfg = Debug|Any CPU
		{11B806AD-4AEE-4421-9DC6-507AD0377DEB}.Debug|Any CPU.Build.0 = Debug|Any CPU
		{11B806AD-4AEE-4421-9DC6-507AD0377DEB}.Release|Any CPU.ActiveCfg = Release|Any CPU
		{11B806AD-4AEE-4421-9DC6-507AD0377DEB}.Release|Any CPU.Build.0 = Release|Any CPU
	EndGlobalSection
	GlobalSection(SolutionProperties) = preSolution
		HideSolutionNode = FALSE
	EndGlobalSection
	GlobalSection(ExtensibilityGlobals) = postSolution
		SolutionGuid = {83F4DFE3-8567-4A0E-8335-B82FCA43D7BB}
	EndGlobalSection
EndGlobal
